
Microsoft Visual Studio Solution File, Format Version 12.00
# Visual Studio Version 17
VisualStudioVersion = 17.0.31512.422
MinimumVisualStudioVersion = 10.0.40219.1
Project("{9A19103F-16F7-4668-BE54-9A1E7A4F7556}") = "BlazorCRUD10Mins", "BlazorCRUD10Mins.csproj", "{28D1CF94-CD88-4376-8A42-97137D4859F1}"
EndProject
Global
	GlobalSection(SolutionConfigurationPlatforms) = preSolution
		Debug|Any CPU = Debug|Any CPU
		Release|Any CPU = Release|Any CPU
	EndGlobalSection
	GlobalSection(ProjectConfigurationPlatforms) = postSolution
		{28D1CF94-CD88-4376-8A42-97137D4859F1}.Debug|Any CPU.ActiveCfg = Debug|Any CPU
		{28D1CF94-CD88-4376-8A42-97137D4859F1}.Debug|Any CPU.Build.0 = Debug|Any CPU
		{28D1CF94-CD88-4376-8A42-97137D4859F1}.Release|Any CPU.ActiveCfg = Release|Any CPU
		{28D1CF94-CD88-4376-8A42-97137D4859F1}.Release|Any CPU.Build.0 = Release|Any CPU
	EndGlobalSection
	GlobalSection(SolutionProperties) = preSolution
		HideSolutionNode = FALSE
	EndGlobalSection
	GlobalSection(ExtensibilityGlobals) = postSolution
		SolutionGuid = {4F015A8D-EEC7-43BA-BE50-EEA4238E93F3}
	EndGlobalSection
EndGlobal
